{
  "name": "lodash-stats",
  "version": "1.0.0",
  "lockfileVersion": 3,
  "requires": true,
  "packages": {
    "": {
      "name": "lodash-stats",
      "version": "1.0.0",
      "license": "ISC",
      "dependencies": {
        "download-counts": "^2.20260301.0"
      },
      "bin": {
        "lodash-stats": "lodash-stats.mjs"
      }
    },
    "node_modules/download-counts": {
      "version": "2.20260301.0",
      "resolved": "https://registry.npmjs.org/download-counts/-/download-counts-2.20260301.0.tgz",
      "integrity": "sha512-WqcD98+fytHCwR+qP+dpEAg8zO34YTQC7B81oR4DIRQxN4TuiWu9r3zT052mm6tAi5MIGEb1q6CbXdBz2BuUhw==",
      "license": "MIT"
    }
  }
}
